// !$*UTF8*$!
{
	archiveVersion = 1;
	classes = {
	};
	objectVersion = 50;
	objects = {

/* Begin PBXBuildFile section */
		22693C5A236970D600B580A3 /* AppDelegate.swift in Sources */ = {isa = PBXBuildFile; fileRef = 22693C59236970D600B580A3 /* AppDelegate.swift */; };
		22693C5C236970D600B580A3 /* SceneDelegate.swift in Sources */ = {isa = PBXBuildFile; fileRef = 22693C5B236970D600B580A3 /* SceneDelegate.swift */; };
		22693C61236970D600B580A3 /* Main.storyboard in Resources */ = {isa = PBXBuildFile; fileRef = 22693C5F236970D600B580A3 /* Main.storyboard */; };
		22693C63236970D800B580A3 /* Assets.xcassets in Resources */ = {isa = PBXBuildFile; fileRef = 22693C62236970D800B580A3 /* Assets.xcassets */; };
		22693C66236970D800B580A3 /* LaunchScreen.storyboard in Resources */ = {isa = PBXBuildFile; fileRef = 22693C64236970D800B580A3 /* LaunchScreen.storyboard */; };
		22693C7223697CE300B580A3 /* CustomViewController.swift in Sources */ = {isa = PBXBuildFile; fileRef = 22693C7123697CE300B580A3 /* CustomViewController.swift */; };
		22693C7423697D6B00B580A3 /* CustomCollectionViewCell.swift in Sources */ = {isa = PBXBuildFile; fileRef = 22693C7323697D6B00B580A3 /* CustomCollectionViewCell.swift */; };
		22693C7623697F5D00B580A3 /* restLayout.swift in Sources */ = {isa = PBXBuildFile; fileRef = 22693C7523697F5D00B580A3 /* restLayout.swift */; };
		22FA7B4C236AC93F002279D7 /* String+Extension.swift in Sources */ = {isa = PBXBuildFile; fileRef = 22FA7B4B236AC93F002279D7 /* String+Extension.swift */; };
/* End PBXBuildFile section */

/* Begin PBXFileReference section */
		22693C56236970D600B580A3 /* DynamicCollectionView.app */ = {isa = PBXFileReference; explicitFileType = wrapper.application; includeInIndex = 0; path = DynamicCollectionView.app; sourceTree = BUILT_PRODUCTS_DIR; };
		22693C59236970D600B580A3 /* AppDelegate.swift */ = {isa = PBXFileReference; lastKnownFileType = sourcecode.swift; path = AppDelegate.swift; sourceTree = "<group>"; };
		22693C5B236970D600B580A3 /* SceneDelegate.swift */ = {isa = PBXFileReference; lastKnownFileType = sourcecode.swift; path = SceneDelegate.swift; sourceTree = "<group>"; };
		22693C60236970D600B580A3 /* Base */ = {isa = PBXFileReference; lastKnownFileType = file.storyboard; name = Base; path = Base.lproj/Main.storyboard; sourceTree = "<group>"; };
		22693C62236970D800B580A3 /* Assets.xcassets */ = {isa = PBXFileReference; lastKnownFileType = folder.assetcatalog; path = Assets.xcassets; sourceTree = "<group>"; };
		22693C65236970D800B580A3 /* Base */ = {isa = PBXFileReference; lastKnownFileType = file.storyboard; name = Base; path = Base.lproj/LaunchScreen.storyboard; sourceTree = "<group>"; };
		22693C67236970D800B580A3 /* Info.plist */ = {isa = PBXFileReference; lastKnownFileType = text.plist.xml; path = Info.plist; sourceTree = "<group>"; };
		22693C7123697CE300B580A3 /* CustomViewController.swift */ = {isa = PBXFileReference; lastKnownFileType = sourcecode.swift; path = CustomViewController.swift; sourceTree = "<group>"; };
		22693C7323697D6B00B580A3 /* CustomCollectionViewCell.swift */ = {isa = PBXFileReference; lastKnownFileType = sourcecode.swift; path = CustomCollectionViewCell.swift; sourceTree = "<group>"; };
		22693C7523697F5D00B580A3 /* restLayout.swift */ = {isa = PBXFileReference; lastKnownFileType = sourcecode.swift; path = restLayout.swift; sourceTree = "<group>"; };
		22FA7B4B236AC93F002279D7 /* String+Extension.swift */ = {isa = PBXFileReference; lastKnownFileType = sourcecode.swift; path = "String+Extension.swift"; sourceTree = "<group>"; };
/* End PBXFileReference section */

/* Begin PBXFrameworksBuildPhase section */
		22693C53236970D600B580A3 /* Frameworks */ = {
			isa = PBXFrameworksBuildPhase;
			buildActionMask = 2147483647;
			files = (
			);
			runOnlyForDeploymentPostprocessing = 0;
		};
/* End PBXFrameworksBuildPhase section */

/* Begin PBXGroup section */
		22693C4D236970D600B580A3 = {
			isa = PBXGroup;
			children = (
				22693C58236970D600B580A3 /* DynamicCollectionView */,
				22693C57236970D600B580A3 /* Products */,
			);
			sourceTree = "<group>";
		};
		22693C57236970D600B580A3 /* Products */ = {
			isa = PBXGroup;
			children = (
				22693C56236970D600B580A3 /* DynamicCollectionView.app */,
			);
			name = Products;
			sourceTree = "<group>";
		};
		22693C58236970D600B580A3 /* DynamicCollectionView */ = {
			isa = PBXGroup;
			children = (
				22693C59236970D600B580A3 /* AppDelegate.swift */,
				22693C5B236970D600B580A3 /* SceneDelegate.swift */,
				22693C5F236970D600B580A3 /* Main.storyboard */,
				22693C62236970D800B580A3 /* Assets.xcassets */,
				22693C64236970D800B580A3 /* LaunchScreen.storyboard */,
				22693C67236970D800B580A3 /* Info.plist */,
				22693C7123697CE300B580A3 /* CustomViewController.swift */,
				22693C7323697D6B00B580A3 /* CustomCollectionViewCell.swift */,
				22693C7523697F5D00B580A3 /* restLayout.swift */,
				22FA7B4B236AC93F002279D7 /* String+Extension.swift */,
			);
			path = DynamicCollectionView;
			sourceTree = "<group>";
		};
/* End PBXGroup section */

/* Begin PBXNativeTarget section */
		22693C55236970D600B580A3 /* DynamicCollectionView */ = {
			isa = PBXNativeTarget;
			buildConfigurationList = 22693C6A236970D800B580A3 /* Build configuration list for PBXNativeTarget "DynamicCollectionView" */;
			buildPhases = (
				22693C52236970D600B580A3 /* Sources */,
				22693C53236970D600B580A3 /* Frameworks */,
				22693C54236970D600B580A3 /* Resources */,
			);
			buildRules = (
			);
			dependencies = (
			);
			name = DynamicCollectionView;
			productName = DynamicCollectionView;
			productReference = 22693C56236970D600B580A3 /* DynamicCollectionView.app */;
			productType = "com.apple.product-type.application";
		};
/* End PBXNativeTarget section */

/* Begin PBXProject section */
		22693C4E236970D600B580A3 /* Project object */ = {
			isa = PBXProject;
			attributes = {
				LastSwiftUpdateCheck = 1110;
				LastUpgradeCheck = 1110;
				ORGANIZATIONNAME = macOS;
				TargetAttributes = {
					22693C55236970D600B580A3 = {
						CreatedOnToolsVersion = 11.1;
					};
				};
			};
			buildConfigurationList = 22693C51236970D600B580A3 /* Build configuration list for PBXProject "DynamicCollectionView" */;
			compatibilityVersion = "Xcode 9.3";
			developmentRegion = en;
			hasScannedForEncodings = 0;
			knownRegions = (
				en,
				Base,
			);
			mainGroup = 22693C4D236970D600B580A3;
			productRefGroup = 22693C57236970D600B580A3 /* Products */;
			projectDirPath = "";
			projectRoot = "";
			targets = (
				22693C55236970D600B580A3 /* DynamicCollectionView */,
			);
		};
/* End PBXProject section */

/* Begin PBXResourcesBuildPhase section */
		22693C54236970D600B580A3 /* Resources */ = {
			isa = PBXResourcesBuildPhase;
			buildActionMask = 2147483647;
			files = (
				22693C66236970D800B580A3 /* LaunchScreen.storyboard in Resources */,
				22693C63236970D800B580A3 /* Assets.xcassets in Resources */,
				22693C61236970D600B580A3 /* Main.storyboard in Resources */,
			);
			runOnlyForDeploymentPostprocessing = 0;
		};
/* End PBXResourcesBuildPhase section */

/* Begin PBXSourcesBuildPhase section */
		22693C52236970D600B580A3 /* Sources */ = {
			isa = PBXSourcesBuildPhase;
			buildActionMask = 2147483647;
			files = (
				22693C7423697D6B00B580A3 /* CustomCollectionViewCell.swift in Sources */,
				22693C5A236970D600B580A3 /* AppDelegate.swift in Sources */,
				22693C5C236970D600B580A3 /* SceneDelegate.swift in Sources */,
				22693C7223697CE300B580A3 /* CustomViewController.swift in Sources */,
				22FA7B4C236AC93F002279D7 /* String+Extension.swift in Sources */,
				22693C7623697F5D00B580A3 /* restLayout.swift in Sources */,
			);
			runOnlyForDeploymentPostprocessing = 0;
		};
/* End PBXSourcesBuildPhase section */

/* Begin PBXVariantGroup section */
		22693C5F236970D600B580A3 /* Main.storyboard */ = {
			isa = PBXVariantGroup;
			children = (
				22693C60236970D600B580A3 /* Base */,
			);
			name = Main.storyboard;
			sourceTree = "<group>";
		};
		22693C64236970D800B580A3 /* LaunchScreen.storyboard */ = {
			isa = PBXVariantGroup;
			children = (
				22693C65236970D800B580A3 /* Base */,
			);
			name = LaunchScreen.storyboard;
			sourceTree = "<group>";
		};
/* End PBXVariantGroup section */

/* Begin XCBuildConfiguration section */
		22693C68236970D800B580A3 /* Debug */ = {
			isa = XCBuildConfiguration;
			buildSettings = {
				ALWAYS_SEARCH_USER_PATHS = NO;
				CLANG_ANALYZER_NONNULL = YES;
				CLANG_ANALYZER_NUMBER_OBJECT_CONVERSION = YES_AGGRESSIVE;
				CLANG_CXX_LANGUAGE_STANDARD = "gnu++14";
				CLANG_CXX_LIBRARY = "libc++";
				CLANG_ENABLE_MODULES = YES;
				CLANG_ENABLE_OBJC_ARC = YES;
				CLANG_ENABLE_OBJC_WEAK = YES;
				CLANG_WARN_BLOCK_CAPTURE_AUTORELEASING = YES;
				CLANG_WARN_BOOL_CONVERSION = YES;
				CLANG_WARN_COMMA = YES;
				CLANG_WARN_CONSTANT_CONVERSION = YES;
				CLANG_WARN_DEPRECATED_OBJC_IMPLEMENTATIONS = YES;
				CLANG_WARN_DIRECT_OBJC_ISA_USAGE = YES_ERROR;
				CLANG_WARN_DOCUMENTATION_COMMENTS = YES;
				CLANG_WARN_EMPTY_BODY = YES;
				CLANG_WARN_ENUM_CONVERSION = YES;
				CLANG_WARN_INFINITE_RECURSION = YES;
				CLANG_WARN_INT_CONVERSION = YES;
				CLANG_WARN_NON_LITERAL_NULL_CONVERSION = YES;
				CLANG_WARN_OBJC_IMPLICIT_RETAIN_SELF = YES;
				CLANG_WARN_OBJC_LITERAL_CONVERSION = YES;
				CLANG_WARN_OBJC_ROOT_CLASS = YES_ERROR;
				CLANG_WARN_RANGE_LOOP_ANALYSIS = YES;
				CLANG_WARN_STRICT_PROTOTYPES = YES;
				CLANG_WARN_SUSPICIOUS_MOVE = YES;
				CLANG_WARN_UNGUARDED_AVAILABILITY = YES_AGGRESSIVE;
				CLANG_WARN_UNREACHABLE_CODE = YES;
				CLANG_WARN__DUPLICATE_METHOD_MATCH = YES;
				COPY_PHASE_STRIP = NO;
				DEBUG_INFORMATION_FORMAT = dwarf;
				ENABLE_STRICT_OBJC_MSGSEND = YES;
				ENABLE_TESTABILITY = YES;
				GCC_C_LANGUAGE_STANDARD = gnu11;
				GCC_DYNAMIC_NO_PIC = NO;
				GCC_NO_COMMON_BLOCKS = YES;
				GCC_OPTIMIZATION_LEVEL = 0;
				GCC_PREPROCESSOR_DEFINITIONS = (
					"DEBUG=1",
					"$(inherited)",
				);
				GCC_WARN_64_TO_32_BIT_CONVERSION = YES;
				GCC_WARN_ABOUT_RETURN_TYPE = YES_ERROR;
				GCC_WARN_UNDECLARED_SELECTOR = YES;
				GCC_WARN_UNINITIALIZED_AUTOS = YES_AGGRESSIVE;
				GCC_WARN_UNUSED_FUNCTION = YES;
				GCC_WARN_UNUSED_VARIABLE = YES;
				IPHONEOS_DEPLOYMENT_TARGET = 13.1;
				MTL_ENABLE_DEBUG_INFO = INCLUDE_SOURCE;
				MTL_FAST_MATH = YES;
				ONLY_ACTIVE_ARCH = YES;
				SDKROOT = iphoneos;
				SWIFT_ACTIVE_COMPILATION_CONDITIONS = DEBUG;
				SWIFT_OPTIMIZATION_LEVEL = "-Onone";
			};
			name = Debug;
		};
		22693C69236970D800B580A3 /* Release */ = {
			isa = XCBuildConfiguration;
			buildSettings = {
				ALWAYS_SEARCH_USER_PATHS = NO;
				CLANG_ANALYZER_NONNULL = YES;
				CLANG_ANALYZER_NUMBER_OBJECT_CONVERSION = YES_AGGRESSIVE;
				CLANG_CXX_LANGUAGE_STANDARD = "gnu++14";
				CLANG_CXX_LIBRARY = "libc++";
				CLANG_ENABLE_MODULES = YES;
				CLANG_ENABLE_OBJC_ARC = YES;
				CLANG_ENABLE_OBJC_WEAK = YES;
				CLANG_WARN_BLOCK_CAPTURE_AUTORELEASING = YES;
				CLANG_WARN_BOOL_CONVERSION = YES;
				CLANG_WARN_COMMA = YES;
				CLANG_WARN_CONSTANT_CONVERSION = YES;
				CLANG_WARN_DEPRECATED_OBJC_IMPLEMENTATIONS = YES;
				CLANG_WARN_DIRECT_OBJC_ISA_USAGE = YES_ERROR;
				CLANG_WARN_DOCUMENTATION_COMMENTS = YES;
				CLANG_WARN_EMPTY_BODY = YES;
				CLANG_WARN_ENUM_CONVERSION = YES;
				CLANG_WARN_INFINITE_RECURSION = YES;
				CLANG_WARN_INT_CONVERSION = YES;
				CLANG_WARN_NON_LITERAL_NULL_CONVERSION = YES;
				CLANG_WARN_OBJC_IMPLICIT_RETAIN_SELF = YES;
				CLANG_WARN_OBJC_LITERAL_CONVERSION = YES;
				CLANG_WARN_OBJC_ROOT_CLASS = YES_ERROR;
				CLANG_WARN_RANGE_LOOP_ANALYSIS = YES;
				CLANG_WARN_STRICT_PROTOTYPES = YES;
				CLANG_WARN_SUSPICIOUS_MOVE = YES;
				CLANG_WARN_UNGUARDED_AVAILABILITY = YES_AGGRESSIVE;
				CLANG_WARN_UNREACHABLE_CODE = YES;
				CLANG_WARN__DUPLICATE_METHOD_MATCH = YES;
				COPY_PHASE_STRIP = NO;
				DEBUG_INFORMATION_FORMAT = "dwarf-with-dsym";
				ENABLE_NS_ASSERTIONS = NO;
				ENABLE_STRICT_OBJC_MSGSEND = YES;
				GCC_C_LANGUAGE_STANDARD = gnu11;
				GCC_NO_COMMON_BLOCKS = YES;
				GCC_WARN_64_TO_32_BIT_CONVERSION = YES;
				GCC_WARN_ABOUT_RETURN_TYPE = YES_ERROR;
				GCC_WARN_UNDECLARED_SELECTOR = YES;
				GCC_WARN_UNINITIALIZED_AUTOS = YES_AGGRESSIVE;
				GCC_WARN_UNUSED_FUNCTION = YES;
				GCC_WARN_UNUSED_VARIABLE = YES;
				IPHONEOS_DEPLOYMENT_TARGET = 13.1;
				MTL_ENABLE_DEBUG_INFO = NO;
				MTL_FAST_MATH = YES;
				SDKROOT = iphoneos;
				SWIFT_COMPILATION_MODE = wholemodule;
				SWIFT_OPTIMIZATION_LEVEL = "-O";
				VALIDATE_PRODUCT = YES;
			};
			name = Release;
		};
		22693C6B236970D800B580A3 /* Debug */ = {
			isa = XCBuildConfiguration;
			buildSettings = {
				ASSETCATALOG_COMPILER_APPICON_NAME = AppIcon;
				CODE_SIGN_STYLE = Automatic;
				DEVELOPMENT_TEAM = BHG3GYKRBY;
				INFOPLIST_FILE = DynamicCollectionView/Info.plist;
				LD_RUNPATH_SEARCH_PATHS = (
					"$(inherited)",
					"@executable_path/Frameworks",
				);
				PRODUCT_BUNDLE_IDENTIFIER = com.tsol.DynamicCollectionView;
				PRODUCT_NAME = "$(TARGET_NAME)";
				SWIFT_VERSION = 5.0;
				TARGETED_DEVICE_FAMILY = "1,2";
			};
			name = Debug;
		};
		22693C6C236970D800B580A3 /* Release */ = {
			isa = XCBuildConfiguration;
			buildSettings = {
				ASSETCATALOG_COMPILER_APPICON_NAME = AppIcon;
				CODE_SIGN_STYLE = Automatic;
				DEVELOPMENT_TEAM = BHG3GYKRBY;
				INFOPLIST_FILE = DynamicCollectionView/Info.plist;
				LD_RUNPATH_SEARCH_PATHS = (
					"$(inherited)",
					"@executable_path/Frameworks",
				);
				PRODUCT_BUNDLE_IDENTIFIER = com.tsol.DynamicCollectionView;
				PRODUCT_NAME = "$(TARGET_NAME)";
				SWIFT_VERSION = 5.0;
				TARGETED_DEVICE_FAMILY = "1,2";
			};
			name = Release;
		};
/* End XCBuildConfiguration section */

/* Begin XCConfigurationList section */
		22693C51236970D600B580A3 /* Build configuration list for PBXProject "DynamicCollectionView" */ = {
			isa = XCConfigurationList;
			buildConfigurations = (
				22693C68236970D800B580A3 /* Debug */,
				22693C69236970D800B580A3 /* Release */,
			);
			defaultConfigurationIsVisible = 0;
			defaultConfigurationName = Release;
		};
		22693C6A236970D800B580A3 /* Build configuration list for PBXNativeTarget "DynamicCollectionView" */ = {
			isa = XCConfigurationList;
			buildConfigurations = (
				22693C6B236970D800B580A3 /* Debug */,
				22693C6C236970D800B580A3 /* Release */,
			);
			defaultConfigurationIsVisible = 0;
			defaultConfigurationName = Release;
		};
/* End XCConfigurationList section */
	};
	rootObject = 22693C4E236970D600B580A3 /* Project object */;
}
